<?xml version="1.0" encoding="utf-8"?>
<Project ToolsVersion="4.0" xmlns="http://schemas.microsoft.com/developer/msbuild/2003">
  <ItemGroup>
    <Filter Include="Source Files">
      <UniqueIdentifier>{4FC737F1-C7A5-4376-A066-2A32D752A2FF}</UniqueIdentifier>
      <Extensions>cpp;c;cc;cxx;c++;cppm;ixx;def;odl;idl;hpj;bat;asm;asmx</Extensions>
    </Filter>
    <Filter Include="Header Files">
      <UniqueIdentifier>{93995380-89BD-4b04-88EB-625FBE52EBFB}</UniqueIdentifier>
      <Extensions>h;hh;hpp;hxx;h++;hm;inl;inc;ipp;xsd</Extensions>
    </Filter>
    <Filter Include="Resource Files">
      <UniqueIdentifier>{67DA6AB6-F800-4c08-8B7A-83BB121AAD01}</UniqueIdentifier>
      <Extensions>rc;ico;cur;bmp;dlg;rc2;rct;bin;rgs;gif;jpg;jpeg;jpe;resx;tiff;tif;png;wav;mfcribbon-ms</Extensions>
    </Filter>
    <Filter Include="Header Files\Domain">
      <UniqueIdentifier>{c7549201-d7c8-4faf-a266-e8523c991a54}</UniqueIdentifier>
    </Filter>
    <Filter Include="Source Files\Domain">
      <UniqueIdentifier>{2f2f5a2d-52e9-447a-8add-860a2d48cf48}</UniqueIdentifier>
    </Filter>
    <Filter Include="Header Files\Validation">
      <UniqueIdentifier>{a1d2da7d-d6f7-48d9-a17c-1b4ce74c9811}</UniqueIdentifier>
    </Filter>
    <Filter Include="Header Files\Testing">
      <UniqueIdentifier>{461d2001-a9bd-45a4-bdc7-be50e12e65d7}</UniqueIdentifier>
    </Filter>
    <Filter Include="Source Files\Testing">
      <UniqueIdentifier>{77523334-dd70-4e1a-9399-752c2acd5cc3}</UniqueIdentifier>
    </Filter>
    <Filter Include="Header Files\Business">
      <UniqueIdentifier>{fcb34141-af81-43ff-8be6-5b6a16ba7491}</UniqueIdentifier>
    </Filter>
    <Filter Include="Source Files\Business">
      <UniqueIdentifier>{be3df01f-4b1f-4ab1-a021-1bfd50b0a968}</UniqueIdentifier>
    </Filter>
    <Filter Include="Header Files\UI">
      <UniqueIdentifier>{3483d75e-2b1b-45a8-8c34-106bc06a33b4}</UniqueIdentifier>
    </Filter>
    <Filter Include="Source Files\UI">
      <UniqueIdentifier>{5791cabc-43a4-467f-bff3-1f333b18cfa5}</UniqueIdentifier>
    </Filter>
    <Filter Include="Header Files\Data">
      <UniqueIdentifier>{8ee68062-63bf-4196-bf18-f14384e1ad2c}</UniqueIdentifier>
    </Filter>
    <Filter Include="Header Files\Data\Repository">
      <UniqueIdentifier>{7546d450-4a8b-4e5b-bb0e-dc9eaff5ed2d}</UniqueIdentifier>
    </Filter>
    <Filter Include="Source Files\Data">
      <UniqueIdentifier>{0f3f6fe5-a787-4564-abc7-98c149dacb62}</UniqueIdentifier>
    </Filter>
    <Filter Include="Source Files\Data\Repository">
      <UniqueIdentifier>{9d6149e4-e09f-4821-b12f-161a9fd1bdae}</UniqueIdentifier>
    </Filter>
    <Filter Include="Header Files\Utility">
      <UniqueIdentifier>{9e221af2-4ad7-42eb-b46f-d51588380bf0}</UniqueIdentifier>
    </Filter>
    <Filter Include="Source Files\Utility">
      <UniqueIdentifier>{664e32d1-297d-42f5-b889-b67d89c88fa2}</UniqueIdentifier>
    </Filter>
    <Filter Include="Source Files\Validation">
      <UniqueIdentifier>{f24d4862-f254-40d8-bd65-53eea2fb4ce2}</UniqueIdentifier>
    </Filter>
  </ItemGroup>
  <ItemGroup>
    <ClCompile Include="main.cpp">
      <Filter>Source Files</Filter>
    </ClCompile>
    <ClCompile Include="Discipline.cpp">
      <Filter>Source Files\Domain</Filter>
    </ClCompile>
    <ClCompile Include="DisciplineRepo.cpp">
      <Filter>Source Files\Data\Repository</Filter>
    </ClCompile>
    <ClCompile Include="tests.cpp">
      <Filter>Source Files\Testing</Filter>
    </ClCompile>
    <ClCompile Include="DisciplineService.cpp">
      <Filter>Source Files\Business</Filter>
    </ClCompile>
    <ClCompile Include="Console.cpp">
      <Filter>Source Files\UI</Filter>
    </ClCompile>
    <ClCompile Include="LinkedList.cpp">
      <Filter>Source Files\Data</Filter>
    </ClCompile>
    <ClCompile Include="compare.cpp">
      <Filter>Source Files\Utility</Filter>
    </ClCompile>
    <ClCompile Include="validators.cpp">
      <Filter>Source Files\Validation</Filter>
    </ClCompile>
  </ItemGroup>
  <ItemGroup>
    <ClInclude Include="Discipline.h">
      <Filter>Header Files\Domain</Filter>
    </ClInclude>
    <ClInclude Include="DisciplineRepo.h">
      <Filter>Header Files\Data\Repository</Filter>
    </ClInclude>
    <ClInclude Include="Errors.h">
      <Filter>Header Files\Validation</Filter>
    </ClInclude>
    <ClInclude Include="tests.h">
      <Filter>Header Files\Testing</Filter>
    </ClInclude>
    <ClInclude Include="DisciplineService.h">
      <Filter>Header Files\Business</Filter>
    </ClInclude>
    <ClInclude Include="Console.h">
      <Filter>Header Files\UI</Filter>
    </ClInclude>
    <ClInclude Include="LinkedList.h">
      <Filter>Header Files\Data</Filter>
    </ClInclude>
    <ClInclude Include="Node.h">
      <Filter>Header Files\Data</Filter>
    </ClInclude>
    <ClInclude Include="LIIterator.h">
      <Filter>Header Files\Data</Filter>
    </ClInclude>
    <ClInclude Include="compare.h">
      <Filter>Header Files\Utility</Filter>
    </ClInclude>
    <ClInclude Include="sort.h">
      <Filter>Header Files\Utility</Filter>
    </ClInclude>
    <ClInclude Include="validators.h">
      <Filter>Header Files\Validation</Filter>
    </ClInclude>
  </ItemGroup>
</Project>